
Microsoft Visual Studio Solution File, Format Version 12.00
# Visual Studio Version 17
VisualStudioVersion = 17.0.32014.148
MinimumVisualStudioVersion = 10.0.40219.1
Project("{2150E333-8FDC-42A3-9474-1A3956D46DE8}") = "Data", "Data", "{8DAFE7BE-36D5-40C8-ADF9-2E4AE6B225E1}"
EndProject
Project("{9A19103F-16F7-4668-BE54-9A1E7A4F7556}") = "MyCarApp.Data", "Data\MyCarApp.Data\MyCarApp.Data.csproj", "{521CC66E-DDC3-47B7-9209-7832F2EAD25C}"
EndProject
Project("{9A19103F-16F7-4668-BE54-9A1E7A4F7556}") = "MyCarApp.Data.Models", "Data\MyCarApp.Data.Models\MyCarApp.Data.Models.csproj", "{BF8F3F45-29A5-439A-9598-164B45C7A5FC}"
EndProject
Project("{2150E333-8FDC-42A3-9474-1A3956D46DE8}") = "Services", "Services", "{514DE4B3-44CF-4DF1-9C49-DBE898BE92AD}"
EndProject
Project("{9A19103F-16F7-4668-BE54-9A1E7A4F7556}") = "MyCarApp.Services", "Services\MyCarApp.Services\MyCarApp.Services.csproj", "{C3129177-0144-4F6B-9BA9-59992E9E9235}"
EndProject
Project("{9A19103F-16F7-4668-BE54-9A1E7A4F7556}") = "MyCarApp.Services.Cars", "Services\MyCarApp.Services.Cars\MyCarApp.Services.Cars.csproj", "{C097E361-71FD-4302-A991-8F1AD1889DD3}"
EndProject
Project("{2150E333-8FDC-42A3-9474-1A3956D46DE8}") = "Web", "Web", "{CFB88441-C134-4E50-9415-28B16D5F7CB4}"
EndProject
Project("{9A19103F-16F7-4668-BE54-9A1E7A4F7556}") = "MyCarApp", "Web\MyCarApp\MyCarApp.csproj", "{038DF34B-AC28-4CAC-89F4-EA31AF23F42C}"
EndProject
Global
	GlobalSection(SolutionConfigurationPlatforms) = preSolution
		Debug|Any CPU = Debug|Any CPU
		Release|Any CPU = Release|Any CPU
	EndGlobalSection
	GlobalSection(ProjectConfigurationPlatforms) = postSolution
		{521CC66E-DDC3-47B7-9209-7832F2EAD25C}.Debug|Any CPU.ActiveCfg = Debug|Any CPU
		{521CC66E-DDC3-47B7-9209-7832F2EAD25C}.Debug|Any CPU.Build.0 = Debug|Any CPU
		{521CC66E-DDC3-47B7-9209-7832F2EAD25C}.Release|Any CPU.ActiveCfg = Release|Any CPU
		{521CC66E-DDC3-47B7-9209-7832F2EAD25C}.Release|Any CPU.Build.0 = Release|Any CPU
		{BF8F3F45-29A5-439A-9598-164B45C7A5FC}.Debug|Any CPU.ActiveCfg = Debug|Any CPU
		{BF8F3F45-29A5-439A-9598-164B45C7A5FC}.Debug|Any CPU.Build.0 = Debug|Any CPU
		{BF8F3F45-29A5-439A-9598-164B45C7A5FC}.Release|Any CPU.ActiveCfg = Release|Any CPU
		{BF8F3F45-29A5-439A-9598-164B45C7A5FC}.Release|Any CPU.Build.0 = Release|Any CPU
		{C3129177-0144-4F6B-9BA9-59992E9E9235}.Debug|Any CPU.ActiveCfg = Debug|Any CPU
		{C3129177-0144-4F6B-9BA9-59992E9E9235}.Debug|Any CPU.Build.0 = Debug|Any CPU
		{C3129177-0144-4F6B-9BA9-59992E9E9235}.Release|Any CPU.ActiveCfg = Release|Any CPU
		{C3129177-0144-4F6B-9BA9-59992E9E9235}.Release|Any CPU.Build.0 = Release|Any CPU
		{C097E361-71FD-4302-A991-8F1AD1889DD3}.Debug|Any CPU.ActiveCfg = Debug|Any CPU
		{C097E361-71FD-4302-A991-8F1AD1889DD3}.Debug|Any CPU.Build.0 = Debug|Any CPU
		{C097E361-71FD-4302-A991-8F1AD1889DD3}.Release|Any CPU.ActiveCfg = Release|Any CPU
		{C097E361-71FD-4302-A991-8F1AD1889DD3}.Release|Any CPU.Build.0 = Release|Any CPU
		{038DF34B-AC28-4CAC-89F4-EA31AF23F42C}.Debug|Any CPU.ActiveCfg = Debug|Any CPU
		{038DF34B-AC28-4CAC-89F4-EA31AF23F42C}.Debug|Any CPU.Build.0 = Debug|Any CPU
		{038DF34B-AC28-4CAC-89F4-EA31AF23F42C}.Release|Any CPU.ActiveCfg = Release|Any CPU
		{038DF34B-AC28-4CAC-89F4-EA31AF23F42C}.Release|Any CPU.Build.0 = Release|Any CPU
	EndGlobalSection
	GlobalSection(SolutionProperties) = preSolution
		HideSolutionNode = FALSE
	EndGlobalSection
	GlobalSection(NestedProjects) = preSolution
		{521CC66E-DDC3-47B7-9209-7832F2EAD25C} = {8DAFE7BE-36D5-40C8-ADF9-2E4AE6B225E1}
		{BF8F3F45-29A5-439A-9598-164B45C7A5FC} = {8DAFE7BE-36D5-40C8-ADF9-2E4AE6B225E1}
		{C3129177-0144-4F6B-9BA9-59992E9E9235} = {514DE4B3-44CF-4DF1-9C49-DBE898BE92AD}
		{C097E361-71FD-4302-A991-8F1AD1889DD3} = {514DE4B3-44CF-4DF1-9C49-DBE898BE92AD}
		{038DF34B-AC28-4CAC-89F4-EA31AF23F42C} = {CFB88441-C134-4E50-9415-28B16D5F7CB4}
	EndGlobalSection
	GlobalSection(ExtensibilityGlobals) = postSolution
		SolutionGuid = {7CA13C53-F8C1-496A-A000-ACD51C6362E3}
	EndGlobalSection
EndGlobal
